# THIS IS AN AUTOGENERATED FILE. DO NOT EDIT THIS FILE DIRECTLY.
# yarn lockfile v1


"@react-spring/animated@~9.6.1":
  "integrity" "sha512-ls/rJBrAqiAYozjLo5EPPLLOb1LM0lNVQcXODTC1SMtS6DbuBCPaKco5svFUQFMP2dso3O+qcC4k9FsKc0KxMQ=="
  "resolved" "https://registry.npmjs.org/@react-spring/animated/-/animated-9.6.1.tgz"
  "version" "9.6.1"
  dependencies:
    "@react-spring/shared" "~9.6.1"
    "@react-spring/types" "~9.6.1"

"@react-spring/core@~9.6.1":
  "integrity" "sha512-3HAAinAyCPessyQNNXe5W0OHzRfa8Yo5P748paPcmMowZ/4sMfaZ2ZB6e5x5khQI8NusOHj8nquoutd6FRY5WQ=="
  "resolved" "https://registry.npmjs.org/@react-spring/core/-/core-9.6.1.tgz"
  "version" "9.6.1"
  dependencies:
    "@react-spring/animated" "~9.6.1"
    "@react-spring/rafz" "~9.6.1"
    "@react-spring/shared" "~9.6.1"
    "@react-spring/types" "~9.6.1"

"@react-spring/parallax@^9.6.1":
  "integrity" "sha512-Q3zzLQbM5sVwjLzGpfR9/betn4Ir6czdOnqbj5gQeu1oCd6P4j4l4WF6xptexs4iwa+rQECpfbFsbtzxlrNyvQ=="
  "resolved" "https://registry.npmjs.org/@react-spring/parallax/-/parallax-9.6.1.tgz"
  "version" "9.6.1"
  dependencies:
    "@react-spring/shared" "~9.6.1"
    "@react-spring/web" "~9.6.1"

"@react-spring/rafz@~9.6.1":
  "integrity" "sha512-v6qbgNRpztJFFfSE3e2W1Uz+g8KnIBs6SmzCzcVVF61GdGfGOuBrbjIcp+nUz301awVmREKi4eMQb2Ab2gGgyQ=="
  "resolved" "https://registry.npmjs.org/@react-spring/rafz/-/rafz-9.6.1.tgz"
  "version" "9.6.1"

"@react-spring/shared@~9.6.1":
  "integrity" "sha512-PBFBXabxFEuF8enNLkVqMC9h5uLRBo6GQhRMQT/nRTnemVENimgRd+0ZT4yFnAQ0AxWNiJfX3qux+bW2LbG6Bw=="
  "resolved" "https://registry.npmjs.org/@react-spring/shared/-/shared-9.6.1.tgz"
  "version" "9.6.1"
  dependencies:
    "@react-spring/rafz" "~9.6.1"
    "@react-spring/types" "~9.6.1"

"@react-spring/types@~9.6.1":
  "integrity" "sha512-POu8Mk0hIU3lRXB3bGIGe4VHIwwDsQyoD1F394OK7STTiX9w4dG3cTLljjYswkQN+hDSHRrj4O36kuVa7KPU8Q=="
  "resolved" "https://registry.npmjs.org/@react-spring/types/-/types-9.6.1.tgz"
  "version" "9.6.1"

"@react-spring/web@^9.6.1", "@react-spring/web@~9.6.1":
  "integrity" "sha512-X2zR6q2Z+FjsWfGAmAXlQaoUHbPmfuCaXpuM6TcwXPpLE1ZD4A1eys/wpXboFQmDkjnrlTmKvpVna1MjWpZ5Hw=="
  "resolved" "https://registry.npmjs.org/@react-spring/web/-/web-9.6.1.tgz"
  "version" "9.6.1"
  dependencies:
    "@react-spring/animated" "~9.6.1"
    "@react-spring/core" "~9.6.1"
    "@react-spring/shared" "~9.6.1"
    "@react-spring/types" "~9.6.1"

"intersection-observer@^0.12.2":
  "integrity" "sha512-7m1vEcPCxXYI8HqnL8CKI6siDyD+eIWSwgB3DZA+ZTogxk9I4CDnj4wilt9x/+/QbHI4YG5YZNmC6458/e9Ktg=="
  "resolved" "https://registry.npmjs.org/intersection-observer/-/intersection-observer-0.12.2.tgz"
  "version" "0.12.2"

"js-tokens@^3.0.0 || ^4.0.0":
  "integrity" "sha512-RdJUflcE3cUzKiMqQgsCu06FPu9UdIJO0beYbPhHN4k6apgJtifcoCtT9bcxOpYBtpD2kCM6Sbzg4CausW/PKQ=="
  "resolved" "https://registry.npmjs.org/js-tokens/-/js-tokens-4.0.0.tgz"
  "version" "4.0.0"

"loose-envify@^1.1.0":
  "integrity" "sha512-lyuxPGr/Wfhrlem2CL/UcnUc1zcqKAImBDzukY7Y5F/yQiNdko6+fRLevlw1HgMySw7f611UIY408EtxRSoK3Q=="
  "resolved" "https://registry.npmjs.org/loose-envify/-/loose-envify-1.4.0.tgz"
  "version" "1.4.0"
  dependencies:
    "js-tokens" "^3.0.0 || ^4.0.0"

"react-dom@^16.8.0 || ^17.0.0 || ^18.0.0":
  "integrity" "sha512-6IMTriUmvsjHUjNtEDudZfuDQUoWXVxKHhlEGSk81n4YFS+r/Kl99wXiwlVXtPBtJenozv2P+hxDsw9eA7Xo6g=="
  "resolved" "https://registry.npmjs.org/react-dom/-/react-dom-18.2.0.tgz"
  "version" "18.2.0"
  dependencies:
    "loose-envify" "^1.1.0"
    "scheduler" "^0.23.0"

"react@^16.8.0 || ^17.0.0 || ^18.0.0", "react@^18.2.0":
  "integrity" "sha512-/3IjMdb2L9QbBdWiW5e3P2/npwMBaU9mHCSCUzNln0ZCYbcfTsGbTJrU/kGemdH2IWmB2ioZ+zkxtmq6g09fGQ=="
  "resolved" "https://registry.npmjs.org/react/-/react-18.2.0.tgz"
  "version" "18.2.0"
  dependencies:
    "loose-envify" "^1.1.0"

"scheduler@^0.23.0":
  "integrity" "sha512-CtuThmgHNg7zIZWAXi3AsyIzA3n4xx7aNyjwC2VJldO2LMVDhFK+63xGqq6CsJH4rTAt6/M+N4GhZiDYPx9eUw=="
  "resolved" "https://registry.npmjs.org/scheduler/-/scheduler-0.23.0.tgz"
  "version" "0.23.0"
  dependencies:
    "loose-envify" "^1.1.0"

"scrollama@^3.2.0":
  "integrity" "sha512-PIPwB1kYBnbw/ezvPBJa5dCN5qEwokfpAkI3BmpZWAwcVID4nDf1qH6WV16A2fQaJmsKx0un5S/zhxN+PQeKDQ=="
  "resolved" "https://registry.npmjs.org/scrollama/-/scrollama-3.2.0.tgz"
  "version" "3.2.0"

"yarn@^1.22.19":
  "integrity" "sha512-/0V5q0WbslqnwP91tirOvldvYISzaqhClxzyUKXYxs07yUILIs5jx/k6CFe8bvKSkds5w+eiOqta39Wk3WxdcQ=="
  "resolved" "https://registry.npmjs.org/yarn/-/yarn-1.22.19.tgz"
  "version" "1.22.19"
